
Microsoft Visual Studio Solution File, Format Version 12.00
# Visual Studio Version 16
VisualStudioVersion = 16.0.29920.165
MinimumVisualStudioVersion = 10.0.40219.1
Project("{8BC9CEB8-8B4A-11D0-8D11-00A0C91BC942}") = "Graph", "Graph.vcxproj", "{1D252736-8DD3-433A-AFEC-F768E27AAC01}"
EndProject
Global
	GlobalSection(SolutionConfigurationPlatforms) = preSolution
		Debug|x64 = Debug|x64
		Debug|x86 = Debug|x86
		Release|x64 = Release|x64
		Release|x86 = Release|x86
	EndGlobalSection
	GlobalSection(ProjectConfigurationPlatforms) = postSolution
		{1D252736-8DD3-433A-AFEC-F768E27AAC01}.Debug|x64.ActiveCfg = Debug|x64
		{1D252736-8DD3-433A-AFEC-F768E27AAC01}.Debug|x64.Build.0 = Debug|x64
		{1D252736-8DD3-433A-AFEC-F768E27AAC01}.Debug|x86.ActiveCfg = Debug|Win32
		{1D252736-8DD3-433A-AFEC-F768E27AAC01}.Debug|x86.Build.0 = Debug|Win32
		{1D252736-8DD3-433A-AFEC-F768E27AAC01}.Release|x64.ActiveCfg = Release|x64
		{1D252736-8DD3-433A-AFEC-F768E27AAC01}.Release|x64.Build.0 = Release|x64
		{1D252736-8DD3-433A-AFEC-F768E27AAC01}.Release|x86.ActiveCfg = Release|Win32
		{1D252736-8DD3-433A-AFEC-F768E27AAC01}.Release|x86.Build.0 = Release|Win32
	EndGlobalSection
	GlobalSection(SolutionProperties) = preSolution
		HideSolutionNode = FALSE
	EndGlobalSection
	GlobalSection(ExtensibilityGlobals) = postSolution
		SolutionGuid = {55B9BF62-12AD-4E40-B255-660152748046}
	EndGlobalSection
EndGlobal
